<?xml version="1.0" encoding="utf-8"?>
<Project ToolsVersion="4.0" xmlns="http://schemas.microsoft.com/developer/msbuild/2003">
  <ItemGroup>
    <Filter Include="Threading">
      <UniqueIdentifier>{af75b7f4-cc35-4acd-adb4-057d44b94de6}</UniqueIdentifier>
    </Filter>
    <Filter Include="Threading\Thread">
      <UniqueIdentifier>{3c5ee255-92f4-4ec0-80b4-55c31410733a}</UniqueIdentifier>
    </Filter>
    <Filter Include="Threading\ThreadPool">
      <UniqueIdentifier>{ba9ed077-c053-4c85-80d6-99b863de90a9}</UniqueIdentifier>
    </Filter>
    <Filter Include="Event">
      <UniqueIdentifier>{dea91b49-3291-4c13-a635-87018e26dc41}</UniqueIdentifier>
    </Filter>
    <Filter Include="Common">
      <UniqueIdentifier>{ee418441-c468-483f-9d70-bdbe525a337b}</UniqueIdentifier>
    </Filter>
    <Filter Include="DesignPattern">
      <UniqueIdentifier>{b25b045c-9b32-4d50-a859-8ae497ba17f6}</UniqueIdentifier>
    </Filter>
    <Filter Include="Threading\Synchronization">
      <UniqueIdentifier>{a31d2f2c-805e-4df8-b6fb-895eeca50ebb}</UniqueIdentifier>
    </Filter>
    <Filter Include="Cryptography">
      <UniqueIdentifier>{b75b2d46-6129-4df1-afe2-3c29ce623eab}</UniqueIdentifier>
    </Filter>
    <Filter Include="Socket">
      <UniqueIdentifier>{bb5de941-859d-4d39-b6db-44fe81d737f8}</UniqueIdentifier>
    </Filter>
  </ItemGroup>
  <ItemGroup>
    <ClInclude Include="Threading\WaitCallback.h">
      <Filter>Threading\ThreadPool</Filter>
    </ClInclude>
    <ClInclude Include="Threading\IOCPThreadPool.h">
      <Filter>Threading\ThreadPool</Filter>
    </ClInclude>
    <ClInclude Include="Threading\Thread.h">
      <Filter>Threading\Thread</Filter>
    </ClInclude>
    <ClInclude Include="Common\Delegate.h">
      <Filter>Common</Filter>
    </ClInclude>
    <ClInclude Include="Event\Event.h">
      <Filter>Event</Filter>
    </ClInclude>
    <ClInclude Include="Common\Finally.h">
      <Filter>Common</Filter>
    </ClInclude>
    <ClInclude Include="Common\StringFormat.h">
      <Filter>Common</Filter>
    </ClInclude>
    <ClInclude Include="Common\NS.h">
      <Filter>Common</Filter>
    </ClInclude>
    <ClInclude Include="Event\NS.h">
      <Filter>Event</Filter>
    </ClInclude>
    <ClInclude Include="Threading\NS.h">
      <Filter>Threading</Filter>
    </ClInclude>
    <ClInclude Include="DesignPattern\NS.h">
      <Filter>DesignPattern</Filter>
    </ClInclude>
    <ClInclude Include="DesignPattern\Singleton.h">
      <Filter>DesignPattern</Filter>
    </ClInclude>
    <ClInclude Include="Threading\CriticalSection.h">
      <Filter>Threading\Synchronization</Filter>
    </ClInclude>
    <ClInclude Include="Cryptography\SHA1.h">
      <Filter>Cryptography</Filter>
    </ClInclude>
    <ClInclude Include="Socket\NS.h">
      <Filter>Socket</Filter>
    </ClInclude>
    <ClInclude Include="Common\MutexCount.h">
      <Filter>Common</Filter>
    </ClInclude>
    <ClInclude Include="Socket\StateObject.h">
      <Filter>Socket</Filter>
    </ClInclude>
    <ClInclude Include="Socket\FunctionMap.h">
      <Filter>Socket</Filter>
    </ClInclude>
    <ClInclude Include="Socket\IOCPBaseServer.h">
      <Filter>Socket</Filter>
    </ClInclude>
    <ClInclude Include="Socket\MutexCount.h">
      <Filter>Socket</Filter>
    </ClInclude>
    <ClInclude Include="Socket\IOCPServer.h">
      <Filter>Socket</Filter>
    </ClInclude>
  </ItemGroup>
  <ItemGroup>
    <ClCompile Include="Threading\IOCPThreadPool.cpp">
      <Filter>Threading\ThreadPool</Filter>
    </ClCompile>
    <ClCompile Include="Common\StringFormat.cpp">
      <Filter>Common</Filter>
    </ClCompile>
    <ClCompile Include="Cryptography\SHA1.cpp">
      <Filter>Cryptography</Filter>
    </ClCompile>
    <ClCompile Include="Cryptography\NS.h">
      <Filter>Cryptography</Filter>
    </ClCompile>
    <ClCompile Include="Socket\IOCPBaseServer.cpp">
      <Filter>Socket</Filter>
    </ClCompile>
    <ClCompile Include="Socket\IOCPServer.cpp">
      <Filter>Socket</Filter>
    </ClCompile>
  </ItemGroup>
</Project>