<?xml version="1.0" encoding="utf-8"?>
<Project ToolsVersion="4.0" xmlns="http://schemas.microsoft.com/developer/msbuild/2003">
  <ItemGroup>
    <Filter Include="Threading">
      <UniqueIdentifier>{af75b7f4-cc35-4acd-adb4-057d44b94de6}</UniqueIdentifier>
    </Filter>
    <Filter Include="Threading\Thread">
      <UniqueIdentifier>{3c5ee255-92f4-4ec0-80b4-55c31410733a}</UniqueIdentifier>
    </Filter>
    <Filter Include="Threading\ThreadPool">
      <UniqueIdentifier>{ba9ed077-c053-4c85-80d6-99b863de90a9}</UniqueIdentifier>
    </Filter>
    <Filter Include="Event">
      <UniqueIdentifier>{dea91b49-3291-4c13-a635-87018e26dc41}</UniqueIdentifier>
    </Filter>
    <Filter Include="Common">
      <UniqueIdentifier>{ee418441-c468-483f-9d70-bdbe525a337b}</UniqueIdentifier>
    </Filter>
  </ItemGroup>
  <ItemGroup>
    <ClInclude Include="Threading\WaitCallback.h">
      <Filter>Threading\ThreadPool</Filter>
    </ClInclude>
    <ClInclude Include="Threading\Finally.h">
      <Filter>Threading\ThreadPool</Filter>
    </ClInclude>
    <ClInclude Include="Threading\IOCPThreadPool.h">
      <Filter>Threading\ThreadPool</Filter>
    </ClInclude>
    <ClInclude Include="Threading\Thread.h">
      <Filter>Threading\Thread</Filter>
    </ClInclude>
    <ClInclude Include="Common\Delegate.h">
      <Filter>Common</Filter>
    </ClInclude>
    <ClInclude Include="Event\Event.h">
      <Filter>Event</Filter>
    </ClInclude>
  </ItemGroup>
  <ItemGroup>
    <ClCompile Include="Threading\Finally.cpp">
      <Filter>Threading\ThreadPool</Filter>
    </ClCompile>
    <ClCompile Include="Threading\IOCPThreadPool.cpp">
      <Filter>Threading\ThreadPool</Filter>
    </ClCompile>
    <ClCompile Include="Threading\WaitCallback.cpp">
      <Filter>Threading\ThreadPool</Filter>
    </ClCompile>
  </ItemGroup>
</Project>